
Microsoft Visual Studio Solution File, Format Version 12.00
# Visual Studio Version 17
VisualStudioVersion = 17.8.34316.72
MinimumVisualStudioVersion = 10.0.40219.1
Project("{FAE04EC0-301F-11D3-BF4B-00C04F79EFBC}") = "SolidEdgeMacro", "SolidEdgeMacro\SolidEdgeMacro.csproj", "{923CF691-BC6B-4893-8B8A-1E29A544F7BF}"
EndProject
Global
	GlobalSection(SolutionConfigurationPlatforms) = preSolution
		Debug|Any CPU = Debug|Any CPU
		Release|Any CPU = Release|Any CPU
	EndGlobalSection
	GlobalSection(ProjectConfigurationPlatforms) = postSolution
		{923CF691-BC6B-4893-8B8A-1E29A544F7BF}.Debug|Any CPU.ActiveCfg = Debug|Any CPU
		{923CF691-BC6B-4893-8B8A-1E29A544F7BF}.Debug|Any CPU.Build.0 = Debug|Any CPU
		{923CF691-BC6B-4893-8B8A-1E29A544F7BF}.Release|Any CPU.ActiveCfg = Release|Any CPU
		{923CF691-BC6B-4893-8B8A-1E29A544F7BF}.Release|Any CPU.Build.0 = Release|Any CPU
	EndGlobalSection
	GlobalSection(SolutionProperties) = preSolution
		HideSolutionNode = FALSE
	EndGlobalSection
	GlobalSection(ExtensibilityGlobals) = postSolution
		SolutionGuid = {F4A417BA-DEB2-4C54-A64B-189EB2B1B758}
	EndGlobalSection
EndGlobal
